
Microsoft Visual Studio Solution File, Format Version 12.00
# Visual Studio Version 17
VisualStudioVersion = 17.5.33516.290
MinimumVisualStudioVersion = 10.0.40219.1
Project("{FAE04EC0-301F-11D3-BF4B-00C04F79EFBC}") = "Common", "Common\Common.csproj", "{33B13C89-7AD0-4C25-9EE2-52B4631889A3}"
EndProject
Project("{FAE04EC0-301F-11D3-BF4B-00C04F79EFBC}") = "Service", "Service\Service.csproj", "{27A7D4FD-EF94-454B-999C-606874BF3DEF}"
EndProject
Project("{FAE04EC0-301F-11D3-BF4B-00C04F79EFBC}") = "Client", "Client\Client.csproj", "{75E24CCA-CEDC-4BDB-B46D-95E265EA42EA}"
EndProject
Global
	GlobalSection(SolutionConfigurationPlatforms) = preSolution
		Debug|Any CPU = Debug|Any CPU
		Release|Any CPU = Release|Any CPU
	EndGlobalSection
	GlobalSection(ProjectConfigurationPlatforms) = postSolution
		{33B13C89-7AD0-4C25-9EE2-52B4631889A3}.Debug|Any CPU.ActiveCfg = Debug|Any CPU
		{33B13C89-7AD0-4C25-9EE2-52B4631889A3}.Debug|Any CPU.Build.0 = Debug|Any CPU
		{33B13C89-7AD0-4C25-9EE2-52B4631889A3}.Release|Any CPU.ActiveCfg = Release|Any CPU
		{33B13C89-7AD0-4C25-9EE2-52B4631889A3}.Release|Any CPU.Build.0 = Release|Any CPU
		{27A7D4FD-EF94-454B-999C-606874BF3DEF}.Debug|Any CPU.ActiveCfg = Debug|Any CPU
		{27A7D4FD-EF94-454B-999C-606874BF3DEF}.Debug|Any CPU.Build.0 = Debug|Any CPU
		{27A7D4FD-EF94-454B-999C-606874BF3DEF}.Release|Any CPU.ActiveCfg = Release|Any CPU
		{27A7D4FD-EF94-454B-999C-606874BF3DEF}.Release|Any CPU.Build.0 = Release|Any CPU
		{75E24CCA-CEDC-4BDB-B46D-95E265EA42EA}.Debug|Any CPU.ActiveCfg = Debug|Any CPU
		{75E24CCA-CEDC-4BDB-B46D-95E265EA42EA}.Debug|Any CPU.Build.0 = Debug|Any CPU
		{75E24CCA-CEDC-4BDB-B46D-95E265EA42EA}.Release|Any CPU.ActiveCfg = Release|Any CPU
		{75E24CCA-CEDC-4BDB-B46D-95E265EA42EA}.Release|Any CPU.Build.0 = Release|Any CPU
	EndGlobalSection
	GlobalSection(SolutionProperties) = preSolution
		HideSolutionNode = FALSE
	EndGlobalSection
	GlobalSection(ExtensibilityGlobals) = postSolution
		SolutionGuid = {C07424D3-6784-4E6B-933A-43D3324EC162}
	EndGlobalSection
EndGlobal
